
Microsoft Visual Studio Solution File, Format Version 12.00
# Visual Studio 15
VisualStudioVersion = 15.0.26430.16
MinimumVisualStudioVersion = 10.0.40219.1
Project("{FAE04EC0-301F-11D3-BF4B-00C04F79EFBC}") = "Ghost", "Ghost\Ghost.csproj", "{19CCFF1E-A1D3-4D44-832E-60C52E62B842}"
	ProjectSection(ProjectDependencies) = postProject
		{17D96187-11C5-4DAD-B14B-E0F153D4D5E8} = {17D96187-11C5-4DAD-B14B-E0F153D4D5E8}
	EndProjectSection
EndProject
Project("{FAE04EC0-301F-11D3-BF4B-00C04F79EFBC}") = "ServiceGhost", "ServiceGhost\ServiceGhost.csproj", "{17D96187-11C5-4DAD-B14B-E0F153D4D5E8}"
EndProject
Global
	GlobalSection(SolutionConfigurationPlatforms) = preSolution
		Debug|Any CPU = Debug|Any CPU
		Release|Any CPU = Release|Any CPU
	EndGlobalSection
	GlobalSection(ProjectConfigurationPlatforms) = postSolution
		{19CCFF1E-A1D3-4D44-832E-60C52E62B842}.Debug|Any CPU.ActiveCfg = Debug|Any CPU
		{19CCFF1E-A1D3-4D44-832E-60C52E62B842}.Debug|Any CPU.Build.0 = Debug|Any CPU
		{19CCFF1E-A1D3-4D44-832E-60C52E62B842}.Release|Any CPU.ActiveCfg = Release|Any CPU
		{19CCFF1E-A1D3-4D44-832E-60C52E62B842}.Release|Any CPU.Build.0 = Release|Any CPU
		{17D96187-11C5-4DAD-B14B-E0F153D4D5E8}.Debug|Any CPU.ActiveCfg = Debug|Any CPU
		{17D96187-11C5-4DAD-B14B-E0F153D4D5E8}.Debug|Any CPU.Build.0 = Debug|Any CPU
		{17D96187-11C5-4DAD-B14B-E0F153D4D5E8}.Release|Any CPU.ActiveCfg = Release|Any CPU
		{17D96187-11C5-4DAD-B14B-E0F153D4D5E8}.Release|Any CPU.Build.0 = Release|Any CPU
	EndGlobalSection
	GlobalSection(SolutionProperties) = preSolution
		HideSolutionNode = FALSE
	EndGlobalSection
EndGlobal
